
Microsoft Visual Studio Solution File, Format Version 12.00
# Visual Studio 15
VisualStudioVersion = 15.0.28010.2048
MinimumVisualStudioVersion = 10.0.40219.1
Project("{FAE04EC0-301F-11D3-BF4B-00C04F79EFBC}") = "WebApplication2", "WebApplication2\WebApplication2.csproj", "{F83C0521-FF88-4224-97CE-78BA34BD6CFD}"
EndProject
Global
	GlobalSection(SolutionConfigurationPlatforms) = preSolution
		Debug|Any CPU = Debug|Any CPU
		Release|Any CPU = Release|Any CPU
	EndGlobalSection
	GlobalSection(ProjectConfigurationPlatforms) = postSolution
		{F83C0521-FF88-4224-97CE-78BA34BD6CFD}.Debug|Any CPU.ActiveCfg = Debug|Any CPU
		{F83C0521-FF88-4224-97CE-78BA34BD6CFD}.Debug|Any CPU.Build.0 = Debug|Any CPU
		{F83C0521-FF88-4224-97CE-78BA34BD6CFD}.Release|Any CPU.ActiveCfg = Release|Any CPU
		{F83C0521-FF88-4224-97CE-78BA34BD6CFD}.Release|Any CPU.Build.0 = Release|Any CPU
	EndGlobalSection
	GlobalSection(SolutionProperties) = preSolution
		HideSolutionNode = FALSE
	EndGlobalSection
	GlobalSection(ExtensibilityGlobals) = postSolution
		SolutionGuid = {CB22D813-B2CD-4916-828E-995CC61C20CC}
	EndGlobalSection
EndGlobal
