
Microsoft Visual Studio Solution File, Format Version 12.00
# Visual Studio 15
VisualStudioVersion = 15.0.28010.2048
MinimumVisualStudioVersion = 10.0.40219.1
Project("{FAE04EC0-301F-11D3-BF4B-00C04F79EFBC}") = "XUnitTestProject1", "XUnitTestProject1\XUnitTestProject1.csproj", "{810444B8-DB0F-4B5C-B084-E39CAB59D7D1}"
EndProject
Global
	GlobalSection(SolutionConfigurationPlatforms) = preSolution
		Debug|Any CPU = Debug|Any CPU
		Release|Any CPU = Release|Any CPU
	EndGlobalSection
	GlobalSection(ProjectConfigurationPlatforms) = postSolution
		{810444B8-DB0F-4B5C-B084-E39CAB59D7D1}.Debug|Any CPU.ActiveCfg = Debug|Any CPU
		{810444B8-DB0F-4B5C-B084-E39CAB59D7D1}.Debug|Any CPU.Build.0 = Debug|Any CPU
		{810444B8-DB0F-4B5C-B084-E39CAB59D7D1}.Release|Any CPU.ActiveCfg = Release|Any CPU
		{810444B8-DB0F-4B5C-B084-E39CAB59D7D1}.Release|Any CPU.Build.0 = Release|Any CPU
	EndGlobalSection
	GlobalSection(SolutionProperties) = preSolution
		HideSolutionNode = FALSE
	EndGlobalSection
	GlobalSection(ExtensibilityGlobals) = postSolution
		SolutionGuid = {B8F81889-4CAA-43DB-9C8C-053343AF55C2}
	EndGlobalSection
EndGlobal
